PODS:
  - YandexMobileMetrica (3.4.1):
    - YandexMobileMetrica/Static (= 3.4.1)
  - YandexMobileMetrica/Static (3.4.1):
    - YandexMobileMetrica/Static/Core (= 3.4.1)
    - YandexMobileMetrica/Static/Crashes (= 3.4.1)
  - YandexMobileMetrica/Static/Core (3.4.1)
  - YandexMobileMetrica/Static/Crashes (3.4.1):
    - YandexMobileMetrica/Static/Core
  - YandexMobileMetricaPush (0.7.2):
    - YandexMobileMetricaPush/Static (= 0.7.2)
  - YandexMobileMetricaPush/Static (0.7.2):
    - YandexMobileMetrica/Static/Core (~> 3.4)

DEPENDENCIES:
  - YandexMobileMetrica (~> 3.4)
  - YandexMobileMetricaPush

SPEC REPOS:
  https://github.com/cocoapods/specs.git:
    - YandexMobileMetrica
    - YandexMobileMetricaPush

SPEC CHECKSUMS:
  YandexMobileMetrica: d8ec43deba7da831e7d3d4281e690068f67d42a8
  YandexMobileMetricaPush: 88e192d6484c4c66b1904325b32a915923acd312

PODFILE CHECKSUM: 776b403428ebf0e0f05c5e1a8b376661c0211249

COCOAPODS: 1.5.3
