PODS:
  - YandexMobileMetrica (3.6.0):
    - YandexMobileMetrica/Static (= 3.6.0)
  - YandexMobileMetrica/Static (3.6.0):
    - YandexMobileMetrica/Static/Core (= 3.6.0)
    - YandexMobileMetrica/Static/Crashes (= 3.6.0)
  - YandexMobileMetrica/Static/Core (3.6.0)
  - YandexMobileMetrica/Static/Crashes (3.6.0):
    - YandexMobileMetrica/Static/Core
  - YandexMobileMetricaPush (0.8.0):
    - YandexMobileMetricaPush/Static (= 0.8.0)
  - YandexMobileMetricaPush/Static (0.8.0):
    - YandexMobileMetrica/Static/Core (~> 3.4)

DEPENDENCIES:
  - YandexMobileMetrica (~> 3.4)
  - YandexMobileMetricaPush

SPEC REPOS:
  https://github.com/cocoapods/specs.git:
    - YandexMobileMetrica
    - YandexMobileMetricaPush

SPEC CHECKSUMS:
  YandexMobileMetrica: 11eee6732831a44aea2d81e3ae8626b5b0e129c5
  YandexMobileMetricaPush: ff5d6fc46d3987f44e9fac8b9cb2f776b638cd04

PODFILE CHECKSUM: 776b403428ebf0e0f05c5e1a8b376661c0211249

COCOAPODS: 1.6.1
