// !$*UTF8*$!
{
	archiveVersion = 1;
	classes = {
	};
	objectVersion = 46;
	objects = {

/* Begin PBXBuildFile section */
		414D6BCA1DABA8B40002EEDB /* main.m in Sources */ = {isa = PBXBuildFile; fileRef = 414D6BC91DABA8B40002EEDB /* main.m */; };
		414D6BCD1DABA8B40002EEDB /* MPSAppDelegate.m in Sources */ = {isa = PBXBuildFile; fileRef = 414D6BCC1DABA8B40002EEDB /* MPSAppDelegate.m */; };
		414D6BD01DABA8B40002EEDB /* MPSViewController.m in Sources */ = {isa = PBXBuildFile; fileRef = 414D6BCF1DABA8B40002EEDB /* MPSViewController.m */; };
		414D6BD31DABA8B40002EEDB /* Main.storyboard in Resources */ = {isa = PBXBuildFile; fileRef = 414D6BD11DABA8B40002EEDB /* Main.storyboard */; };
		414D6BD51DABA8B40002EEDB /* Assets.xcassets in Resources */ = {isa = PBXBuildFile; fileRef = 414D6BD41DABA8B40002EEDB /* Assets.xcassets */; };
		414D6BD81DABA8B40002EEDB /* LaunchScreen.storyboard in Resources */ = {isa = PBXBuildFile; fileRef = 414D6BD61DABA8B40002EEDB /* LaunchScreen.storyboard */; };
		41C8DF661DABAF6B002CF78D /* YandexMobileMetricaPushSampleObjC.entitlements in Resources */ = {isa = PBXBuildFile; fileRef = 41C8DF651DABAF6B002CF78D /* YandexMobileMetricaPushSampleObjC.entitlements */; };
		454BD3474BA3EAD83D41F774 /* libPods-YandexMobileMetricaPushSampleObjC.a in Frameworks */ = {isa = PBXBuildFile; fileRef = 81C3FF4C0BA7724DC709E3B2 /* libPods-YandexMobileMetricaPushSampleObjC.a */; };
/* End PBXBuildFile section */

/* Begin PBXFileReference section */
		414D6BC51DABA8B40002EEDB /* YandexMobileMetricaPushSampleObjC.app */ = {isa = PBXFileReference; explicitFileType = wrapper.application; includeInIndex = 0; path = YandexMobileMetricaPushSampleObjC.app; sourceTree = BUILT_PRODUCTS_DIR; };
		414D6BC91DABA8B40002EEDB /* main.m */ = {isa = PBXFileReference; lastKnownFileType = sourcecode.c.objc; path = main.m; sourceTree = "<group>"; };
		414D6BCB1DABA8B40002EEDB /* MPSAppDelegate.h */ = {isa = PBXFileReference; lastKnownFileType = sourcecode.c.h; path = MPSAppDelegate.h; sourceTree = "<group>"; };
		414D6BCC1DABA8B40002EEDB /* MPSAppDelegate.m */ = {isa = PBXFileReference; lastKnownFileType = sourcecode.c.objc; path = MPSAppDelegate.m; sourceTree = "<group>"; };
		414D6BCE1DABA8B40002EEDB /* MPSViewController.h */ = {isa = PBXFileReference; lastKnownFileType = sourcecode.c.h; path = MPSViewController.h; sourceTree = "<group>"; };
		414D6BCF1DABA8B40002EEDB /* MPSViewController.m */ = {isa = PBXFileReference; lastKnownFileType = sourcecode.c.objc; path = MPSViewController.m; sourceTree = "<group>"; };
		414D6BD21DABA8B40002EEDB /* Base */ = {isa = PBXFileReference; lastKnownFileType = file.storyboard; name = Base; path = Base.lproj/Main.storyboard; sourceTree = "<group>"; };
		414D6BD41DABA8B40002EEDB /* Assets.xcassets */ = {isa = PBXFileReference; lastKnownFileType = folder.assetcatalog; path = Assets.xcassets; sourceTree = "<group>"; };
		414D6BD71DABA8B40002EEDB /* Base */ = {isa = PBXFileReference; lastKnownFileType = file.storyboard; name = Base; path = Base.lproj/LaunchScreen.storyboard; sourceTree = "<group>"; };
		414D6BD91DABA8B40002EEDB /* Info.plist */ = {isa = PBXFileReference; lastKnownFileType = text.plist.xml; path = Info.plist; sourceTree = "<group>"; };
		41C8DF651DABAF6B002CF78D /* YandexMobileMetricaPushSampleObjC.entitlements */ = {isa = PBXFileReference; fileEncoding = 4; lastKnownFileType = text.xml; path = YandexMobileMetricaPushSampleObjC.entitlements; sourceTree = "<group>"; };
		70505DC2F23AAFE0B52DE1FE /* Pods-YandexMobileMetricaPushSampleObjC.release.xcconfig */ = {isa = PBXFileReference; includeInIndex = 1; lastKnownFileType = text.xcconfig; name = "Pods-YandexMobileMetricaPushSampleObjC.release.xcconfig"; path = "Pods/Target Support Files/Pods-YandexMobileMetricaPushSampleObjC/Pods-YandexMobileMetricaPushSampleObjC.release.xcconfig"; sourceTree = "<group>"; };
		81C3FF4C0BA7724DC709E3B2 /* libPods-YandexMobileMetricaPushSampleObjC.a */ = {isa = PBXFileReference; explicitFileType = archive.ar; includeInIndex = 0; path = "libPods-YandexMobileMetricaPushSampleObjC.a"; sourceTree = BUILT_PRODUCTS_DIR; };
		8A3CFB6C37DB1493AC7D05FB /* Pods-YandexMobileMetricaPushSampleObjC.debug.xcconfig */ = {isa = PBXFileReference; includeInIndex = 1; lastKnownFileType = text.xcconfig; name = "Pods-YandexMobileMetricaPushSampleObjC.debug.xcconfig"; path = "Pods/Target Support Files/Pods-YandexMobileMetricaPushSampleObjC/Pods-YandexMobileMetricaPushSampleObjC.debug.xcconfig"; sourceTree = "<group>"; };
/* End PBXFileReference section */

/* Begin PBXFrameworksBuildPhase section */
		414D6BC21DABA8B40002EEDB /* Frameworks */ = {
			isa = PBXFrameworksBuildPhase;
			buildActionMask = 2147483647;
			files = (
				454BD3474BA3EAD83D41F774 /* libPods-YandexMobileMetricaPushSampleObjC.a in Frameworks */,
			);
			runOnlyForDeploymentPostprocessing = 0;
		};
/* End PBXFrameworksBuildPhase section */

/* Begin PBXGroup section */
		414D6BBC1DABA8B40002EEDB = {
			isa = PBXGroup;
			children = (
				414D6BC71DABA8B40002EEDB /* YandexMobileMetricaPushSampleObjC */,
				414D6BC61DABA8B40002EEDB /* Products */,
				9CBC7B7CF063F58104C1D4AE /* Pods */,
				E17B3E1ED293861381433EBE /* Frameworks */,
			);
			sourceTree = "<group>";
		};
		414D6BC61DABA8B40002EEDB /* Products */ = {
			isa = PBXGroup;
			children = (
				414D6BC51DABA8B40002EEDB /* YandexMobileMetricaPushSampleObjC.app */,
			);
			name = Products;
			sourceTree = "<group>";
		};
		414D6BC71DABA8B40002EEDB /* YandexMobileMetricaPushSampleObjC */ = {
			isa = PBXGroup;
			children = (
				414D6BCB1DABA8B40002EEDB /* MPSAppDelegate.h */,
				414D6BCC1DABA8B40002EEDB /* MPSAppDelegate.m */,
				414D6BCE1DABA8B40002EEDB /* MPSViewController.h */,
				414D6BCF1DABA8B40002EEDB /* MPSViewController.m */,
				414D6BD11DABA8B40002EEDB /* Main.storyboard */,
				414D6BD41DABA8B40002EEDB /* Assets.xcassets */,
				414D6BD61DABA8B40002EEDB /* LaunchScreen.storyboard */,
				414D6BD91DABA8B40002EEDB /* Info.plist */,
				414D6BC81DABA8B40002EEDB /* Supporting Files */,
			);
			path = YandexMobileMetricaPushSampleObjC;
			sourceTree = "<group>";
		};
		414D6BC81DABA8B40002EEDB /* Supporting Files */ = {
			isa = PBXGroup;
			children = (
				414D6BC91DABA8B40002EEDB /* main.m */,
				41C8DF651DABAF6B002CF78D /* YandexMobileMetricaPushSampleObjC.entitlements */,
			);
			name = "Supporting Files";
			sourceTree = "<group>";
		};
		9CBC7B7CF063F58104C1D4AE /* Pods */ = {
			isa = PBXGroup;
			children = (
				8A3CFB6C37DB1493AC7D05FB /* Pods-YandexMobileMetricaPushSampleObjC.debug.xcconfig */,
				70505DC2F23AAFE0B52DE1FE /* Pods-YandexMobileMetricaPushSampleObjC.release.xcconfig */,
			);
			name = Pods;
			sourceTree = "<group>";
		};
		E17B3E1ED293861381433EBE /* Frameworks */ = {
			isa = PBXGroup;
			children = (
				81C3FF4C0BA7724DC709E3B2 /* libPods-YandexMobileMetricaPushSampleObjC.a */,
			);
			name = Frameworks;
			sourceTree = "<group>";
		};
/* End PBXGroup section */

/* Begin PBXNativeTarget section */
		414D6BC41DABA8B40002EEDB /* YandexMobileMetricaPushSampleObjC */ = {
			isa = PBXNativeTarget;
			buildConfigurationList = 414D6BDC1DABA8B40002EEDB /* Build configuration list for PBXNativeTarget "YandexMobileMetricaPushSampleObjC" */;
			buildPhases = (
				18F643FA1D301F29F9D9FD91 /* [CP] Check Pods Manifest.lock */,
				414D6BC11DABA8B40002EEDB /* Sources */,
				414D6BC21DABA8B40002EEDB /* Frameworks */,
				414D6BC31DABA8B40002EEDB /* Resources */,
				D07F6CC6B7F79C995A635047 /* [CP] Embed Pods Frameworks */,
				88143AA7D21C5CB18931EAA5 /* [CP] Copy Pods Resources */,
			);
			buildRules = (
			);
			dependencies = (
			);
			name = YandexMobileMetricaPushSampleObjC;
			productName = YandexMobileMetricaPushSampleObjC;
			productReference = 414D6BC51DABA8B40002EEDB /* YandexMobileMetricaPushSampleObjC.app */;
			productType = "com.apple.product-type.application";
		};
/* End PBXNativeTarget section */

/* Begin PBXProject section */
		414D6BBD1DABA8B40002EEDB /* Project object */ = {
			isa = PBXProject;
			attributes = {
				CLASSPREFIX = MPS;
				LastUpgradeCheck = 0910;
				ORGANIZATIONNAME = "Yandex, LLC";
				TargetAttributes = {
					414D6BC41DABA8B40002EEDB = {
						CreatedOnToolsVersion = 7.3.1;
						SystemCapabilities = {
							com.apple.BackgroundModes = {
								enabled = 1;
							};
						};
					};
				};
			};
			buildConfigurationList = 414D6BC01DABA8B40002EEDB /* Build configuration list for PBXProject "YandexMobileMetricaPushSampleObjC" */;
			compatibilityVersion = "Xcode 3.2";
			developmentRegion = English;
			hasScannedForEncodings = 0;
			knownRegions = (
				en,
				Base,
			);
			mainGroup = 414D6BBC1DABA8B40002EEDB;
			productRefGroup = 414D6BC61DABA8B40002EEDB /* Products */;
			projectDirPath = "";
			projectRoot = "";
			targets = (
				414D6BC41DABA8B40002EEDB /* YandexMobileMetricaPushSampleObjC */,
			);
		};
/* End PBXProject section */

/* Begin PBXResourcesBuildPhase section */
		414D6BC31DABA8B40002EEDB /* Resources */ = {
			isa = PBXResourcesBuildPhase;
			buildActionMask = 2147483647;
			files = (
				414D6BD81DABA8B40002EEDB /* LaunchScreen.storyboard in Resources */,
				414D6BD51DABA8B40002EEDB /* Assets.xcassets in Resources */,
				41C8DF661DABAF6B002CF78D /* YandexMobileMetricaPushSampleObjC.entitlements in Resources */,
				414D6BD31DABA8B40002EEDB /* Main.storyboard in Resources */,
			);
			runOnlyForDeploymentPostprocessing = 0;
		};
/* End PBXResourcesBuildPhase section */

/* Begin PBXShellScriptBuildPhase section */
		18F643FA1D301F29F9D9FD91 /* [CP] Check Pods Manifest.lock */ = {
			isa = PBXShellScriptBuildPhase;
			buildActionMask = 2147483647;
			files = (
			);
			inputPaths = (
				"${PODS_PODFILE_DIR_PATH}/Podfile.lock",
				"${PODS_ROOT}/Manifest.lock",
			);
			name = "[CP] Check Pods Manifest.lock";
			outputPaths = (
				"$(DERIVED_FILE_DIR)/Pods-YandexMobileMetricaPushSampleObjC-checkManifestLockResult.txt",
			);
			runOnlyForDeploymentPostprocessing = 0;
			shellPath = /bin/sh;
			shellScript = "diff \"${PODS_PODFILE_DIR_PATH}/Podfile.lock\" \"${PODS_ROOT}/Manifest.lock\" > /dev/null\nif [ $? != 0 ] ; then\n    # print error to STDERR\n    echo \"error: The sandbox is not in sync with the Podfile.lock. Run 'pod install' or update your CocoaPods installation.\" >&2\n    exit 1\nfi\n# This output is used by Xcode 'outputs' to avoid re-running this script phase.\necho \"SUCCESS\" > \"${SCRIPT_OUTPUT_FILE_0}\"\n";
			showEnvVarsInLog = 0;
		};
		88143AA7D21C5CB18931EAA5 /* [CP] Copy Pods Resources */ = {
			isa = PBXShellScriptBuildPhase;
			buildActionMask = 2147483647;
			files = (
			);
			inputPaths = (
			);
			name = "[CP] Copy Pods Resources";
			outputPaths = (
			);
			runOnlyForDeploymentPostprocessing = 0;
			shellPath = /bin/sh;
			shellScript = "\"${SRCROOT}/Pods/Target Support Files/Pods-YandexMobileMetricaPushSampleObjC/Pods-YandexMobileMetricaPushSampleObjC-resources.sh\"\n";
			showEnvVarsInLog = 0;
		};
		D07F6CC6B7F79C995A635047 /* [CP] Embed Pods Frameworks */ = {
			isa = PBXShellScriptBuildPhase;
			buildActionMask = 2147483647;
			files = (
			);
			inputPaths = (
			);
			name = "[CP] Embed Pods Frameworks";
			outputPaths = (
			);
			runOnlyForDeploymentPostprocessing = 0;
			shellPath = /bin/sh;
			shellScript = "\"${SRCROOT}/Pods/Target Support Files/Pods-YandexMobileMetricaPushSampleObjC/Pods-YandexMobileMetricaPushSampleObjC-frameworks.sh\"\n";
			showEnvVarsInLog = 0;
		};
/* End PBXShellScriptBuildPhase section */

/* Begin PBXSourcesBuildPhase section */
		414D6BC11DABA8B40002EEDB /* Sources */ = {
			isa = PBXSourcesBuildPhase;
			buildActionMask = 2147483647;
			files = (
				414D6BD01DABA8B40002EEDB /* MPSViewController.m in Sources */,
				414D6BCD1DABA8B40002EEDB /* MPSAppDelegate.m in Sources */,
				414D6BCA1DABA8B40002EEDB /* main.m in Sources */,
			);
			runOnlyForDeploymentPostprocessing = 0;
		};
/* End PBXSourcesBuildPhase section */

/* Begin PBXVariantGroup section */
		414D6BD11DABA8B40002EEDB /* Main.storyboard */ = {
			isa = PBXVariantGroup;
			children = (
				414D6BD21DABA8B40002EEDB /* Base */,
			);
			name = Main.storyboard;
			sourceTree = "<group>";
		};
		414D6BD61DABA8B40002EEDB /* LaunchScreen.storyboard */ = {
			isa = PBXVariantGroup;
			children = (
				414D6BD71DABA8B40002EEDB /* Base */,
			);
			name = LaunchScreen.storyboard;
			sourceTree = "<group>";
		};
/* End PBXVariantGroup section */

/* Begin XCBuildConfiguration section */
		414D6BDA1DABA8B40002EEDB /* Debug */ = {
			isa = XCBuildConfiguration;
			buildSettings = {
				ALWAYS_SEARCH_USER_PATHS = NO;
				CLANG_ANALYZER_NONNULL = YES;
				CLANG_CXX_LANGUAGE_STANDARD = "gnu++0x";
				CLANG_CXX_LIBRARY = "libc++";
				CLANG_ENABLE_MODULES = YES;
				CLANG_ENABLE_OBJC_ARC = YES;
				CLANG_WARN_BLOCK_CAPTURE_AUTORELEASING = YES;
				CLANG_WARN_BOOL_CONVERSION = YES;
				CLANG_WARN_COMMA = YES;
				CLANG_WARN_CONSTANT_CONVERSION = YES;
				CLANG_WARN_DIRECT_OBJC_ISA_USAGE = YES_ERROR;
				CLANG_WARN_EMPTY_BODY = YES;
				CLANG_WARN_ENUM_CONVERSION = YES;
				CLANG_WARN_INFINITE_RECURSION = YES;
				CLANG_WARN_INT_CONVERSION = YES;
				CLANG_WARN_NON_LITERAL_NULL_CONVERSION = YES;
				CLANG_WARN_OBJC_LITERAL_CONVERSION = YES;
				CLANG_WARN_OBJC_ROOT_CLASS = YES_ERROR;
				CLANG_WARN_RANGE_LOOP_ANALYSIS = YES;
				CLANG_WARN_STRICT_PROTOTYPES = YES;
				CLANG_WARN_SUSPICIOUS_MOVE = YES;
				CLANG_WARN_UNREACHABLE_CODE = YES;
				CLANG_WARN__DUPLICATE_METHOD_MATCH = YES;
				"CODE_SIGN_IDENTITY[sdk=iphoneos*]" = "iPhone Developer";
				COPY_PHASE_STRIP = NO;
				DEBUG_INFORMATION_FORMAT = dwarf;
				ENABLE_STRICT_OBJC_MSGSEND = YES;
				ENABLE_TESTABILITY = YES;
				GCC_C_LANGUAGE_STANDARD = gnu99;
				GCC_DYNAMIC_NO_PIC = NO;
				GCC_NO_COMMON_BLOCKS = YES;
				GCC_OPTIMIZATION_LEVEL = 0;
				GCC_PREPROCESSOR_DEFINITIONS = (
					"DEBUG=1",
					"$(inherited)",
				);
				GCC_WARN_64_TO_32_BIT_CONVERSION = YES;
				GCC_WARN_ABOUT_RETURN_TYPE = YES_ERROR;
				GCC_WARN_UNDECLARED_SELECTOR = YES;
				GCC_WARN_UNINITIALIZED_AUTOS = YES_AGGRESSIVE;
				GCC_WARN_UNUSED_FUNCTION = YES;
				GCC_WARN_UNUSED_VARIABLE = YES;
				IPHONEOS_DEPLOYMENT_TARGET = 7.0;
				MTL_ENABLE_DEBUG_INFO = YES;
				ONLY_ACTIVE_ARCH = YES;
				SDKROOT = iphoneos;
				TARGETED_DEVICE_FAMILY = "1,2";
			};
			name = Debug;
		};
		414D6BDB1DABA8B40002EEDB /* Release */ = {
			isa = XCBuildConfiguration;
			buildSettings = {
				ALWAYS_SEARCH_USER_PATHS = NO;
				CLANG_ANALYZER_NONNULL = YES;
				CLANG_CXX_LANGUAGE_STANDARD = "gnu++0x";
				CLANG_CXX_LIBRARY = "libc++";
				CLANG_ENABLE_MODULES = YES;
				CLANG_ENABLE_OBJC_ARC = YES;
				CLANG_WARN_BLOCK_CAPTURE_AUTORELEASING = YES;
				CLANG_WARN_BOOL_CONVERSION = YES;
				CLANG_WARN_COMMA = YES;
				CLANG_WARN_CONSTANT_CONVERSION = YES;
				CLANG_WARN_DIRECT_OBJC_ISA_USAGE = YES_ERROR;
				CLANG_WARN_EMPTY_BODY = YES;
				CLANG_WARN_ENUM_CONVERSION = YES;
				CLANG_WARN_INFINITE_RECURSION = YES;
				CLANG_WARN_INT_CONVERSION = YES;
				CLANG_WARN_NON_LITERAL_NULL_CONVERSION = YES;
				CLANG_WARN_OBJC_LITERAL_CONVERSION = YES;
				CLANG_WARN_OBJC_ROOT_CLASS = YES_ERROR;
				CLANG_WARN_RANGE_LOOP_ANALYSIS = YES;
				CLANG_WARN_STRICT_PROTOTYPES = YES;
				CLANG_WARN_SUSPICIOUS_MOVE = YES;
				CLANG_WARN_UNREACHABLE_CODE = YES;
				CLANG_WARN__DUPLICATE_METHOD_MATCH = YES;
				"CODE_SIGN_IDENTITY[sdk=iphoneos*]" = "iPhone Developer";
				COPY_PHASE_STRIP = NO;
				DEBUG_INFORMATION_FORMAT = "dwarf-with-dsym";
				ENABLE_NS_ASSERTIONS = NO;
				ENABLE_STRICT_OBJC_MSGSEND = YES;
				GCC_C_LANGUAGE_STANDARD = gnu99;
				GCC_NO_COMMON_BLOCKS = YES;
				GCC_WARN_64_TO_32_BIT_CONVERSION = YES;
				GCC_WARN_ABOUT_RETURN_TYPE = YES_ERROR;
				GCC_WARN_UNDECLARED_SELECTOR = YES;
				GCC_WARN_UNINITIALIZED_AUTOS = YES_AGGRESSIVE;
				GCC_WARN_UNUSED_FUNCTION = YES;
				GCC_WARN_UNUSED_VARIABLE = YES;
				IPHONEOS_DEPLOYMENT_TARGET = 7.0;
				MTL_ENABLE_DEBUG_INFO = NO;
				SDKROOT = iphoneos;
				TARGETED_DEVICE_FAMILY = "1,2";
				VALIDATE_PRODUCT = YES;
			};
			name = Release;
		};
		414D6BDD1DABA8B40002EEDB /* Debug */ = {
			isa = XCBuildConfiguration;
			baseConfigurationReference = 8A3CFB6C37DB1493AC7D05FB /* Pods-YandexMobileMetricaPushSampleObjC.debug.xcconfig */;
			buildSettings = {
				ASSETCATALOG_COMPILER_APPICON_NAME = AppIcon;
				CODE_SIGN_ENTITLEMENTS = YandexMobileMetricaPushSampleObjC/YandexMobileMetricaPushSampleObjC.entitlements;
				INFOPLIST_FILE = YandexMobileMetricaPushSampleObjC/Info.plist;
				LD_RUNPATH_SEARCH_PATHS = "$(inherited) @executable_path/Frameworks";
				PRODUCT_BUNDLE_IDENTIFIER = "com.yandex.mobile.metrica.push.sample-objc";
				PRODUCT_NAME = "$(TARGET_NAME)";
			};
			name = Debug;
		};
		414D6BDE1DABA8B40002EEDB /* Release */ = {
			isa = XCBuildConfiguration;
			baseConfigurationReference = 70505DC2F23AAFE0B52DE1FE /* Pods-YandexMobileMetricaPushSampleObjC.release.xcconfig */;
			buildSettings = {
				ASSETCATALOG_COMPILER_APPICON_NAME = AppIcon;
				CODE_SIGN_ENTITLEMENTS = YandexMobileMetricaPushSampleObjC/YandexMobileMetricaPushSampleObjC.entitlements;
				INFOPLIST_FILE = YandexMobileMetricaPushSampleObjC/Info.plist;
				LD_RUNPATH_SEARCH_PATHS = "$(inherited) @executable_path/Frameworks";
				PRODUCT_BUNDLE_IDENTIFIER = "com.yandex.mobile.metrica.push.sample-objc";
				PRODUCT_NAME = "$(TARGET_NAME)";
			};
			name = Release;
		};
/* End XCBuildConfiguration section */

/* Begin XCConfigurationList section */
		414D6BC01DABA8B40002EEDB /* Build configuration list for PBXProject "YandexMobileMetricaPushSampleObjC" */ = {
			isa = XCConfigurationList;
			buildConfigurations = (
				414D6BDA1DABA8B40002EEDB /* Debug */,
				414D6BDB1DABA8B40002EEDB /* Release */,
			);
			defaultConfigurationIsVisible = 0;
			defaultConfigurationName = Release;
		};
		414D6BDC1DABA8B40002EEDB /* Build configuration list for PBXNativeTarget "YandexMobileMetricaPushSampleObjC" */ = {
			isa = XCConfigurationList;
			buildConfigurations = (
				414D6BDD1DABA8B40002EEDB /* Debug */,
				414D6BDE1DABA8B40002EEDB /* Release */,
			);
			defaultConfigurationIsVisible = 0;
			defaultConfigurationName = Release;
		};
/* End XCConfigurationList section */
	};
	rootObject = 414D6BBD1DABA8B40002EEDB /* Project object */;
}
