PODS:
  - YandexMobileMetrica (2.9.6):
    - YandexMobileMetrica/Static (= 2.9.6)
  - YandexMobileMetrica/Static (2.9.6)
  - YandexMobileMetricaPush (0.5.1):
    - YandexMobileMetricaPush/Static (= 0.5.1)
  - YandexMobileMetricaPush/Static (0.5.1):
    - YandexMobileMetrica (< 3.0.0, >= 2.6.2)

DEPENDENCIES:
  - YandexMobileMetrica
  - YandexMobileMetricaPush

SPEC CHECKSUMS:
  YandexMobileMetrica: 330c11f9e4b8b3b72454c0cd80f61b4231467ebe
  YandexMobileMetricaPush: a9dff197a37e777b6d08d037d81bcc017037deea

PODFILE CHECKSUM: 9902e14ddea2ae973eb2514814bcc6cae14009fa

COCOAPODS: 1.4.0
