PODS:
  - YandexMobileMetrica (2.9.1):
    - YandexMobileMetrica/Static (= 2.9.1)
  - YandexMobileMetrica/Static (2.9.1)
  - YandexMobileMetricaPush (0.5.0):
    - YandexMobileMetricaPush/Static (= 0.5.0)
  - YandexMobileMetricaPush/Static (0.5.0):
    - YandexMobileMetrica (< 3.0.0, >= 2.6.2)

DEPENDENCIES:
  - YandexMobileMetrica
  - YandexMobileMetricaPush

SPEC CHECKSUMS:
  YandexMobileMetrica: 399a7a92d5408dd2bb49370f5f78736cb60b9532
  YandexMobileMetricaPush: 2780a03f0d2f9ddd7aafe34c5ca0d5a6de98fd66

PODFILE CHECKSUM: 9902e14ddea2ae973eb2514814bcc6cae14009fa

COCOAPODS: 1.3.1
