PODS:
  - YandexMobileMetrica (4.0.0):
    - YandexMobileMetrica/Static (= 4.0.0)
  - YandexMobileMetrica/Static (4.0.0):
    - YandexMobileMetrica/Static/Core (= 4.0.0)
    - YandexMobileMetrica/Static/Crashes (= 4.0.0)
  - YandexMobileMetrica/Static/Core (4.0.0)
  - YandexMobileMetrica/Static/Crashes (4.0.0):
    - YandexMobileMetrica/Static/Core
  - YandexMobileMetricaPush (1.1.1):
    - YandexMobileMetricaPush/Static (= 1.1.1)
  - YandexMobileMetricaPush/Static (1.1.1):
    - YandexMobileMetrica/Static/Core (~> 4.0)

DEPENDENCIES:
  - YandexMobileMetrica (~> 4.0)
  - YandexMobileMetricaPush

SPEC REPOS:
  trunk:
    - YandexMobileMetrica
    - YandexMobileMetricaPush

SPEC CHECKSUMS:
  YandexMobileMetrica: 85ba4c1a6839985d58bf45ec7f915e433525b094
  YandexMobileMetricaPush: 117aa2d543456491177675228610362b0afb43ee

PODFILE CHECKSUM: 26524d52353ee5769e162a009fe2e0732a3f221c

COCOAPODS: 1.10.1
